
Microsoft Visual Studio Solution File, Format Version 12.00
# Visual Studio 15
Project("{FAE04EC0-301F-11D3-BF4B-00C04F79EFBC}") = "Assembly-CSharp", "Assembly-CSharp.csproj", "{F2211ED9-3234-1E3B-72D6-926923969C6C}"
EndProject
Project("{FAE04EC0-301F-11D3-BF4B-00C04F79EFBC}") = "Fungus", "Fungus.csproj", "{3430FD2B-7590-6226-2BA7-6C57D4529474}"
EndProject
Project("{FAE04EC0-301F-11D3-BF4B-00C04F79EFBC}") = "FungusExamples", "FungusExamples.csproj", "{8A8DF433-A595-BD68-7B20-B085922BD54A}"
EndProject
Project("{FAE04EC0-301F-11D3-BF4B-00C04F79EFBC}") = "FungusEditor", "FungusEditor.csproj", "{93147F9D-4867-3717-9190-BCC994F419E8}"
EndProject
Project("{FAE04EC0-301F-11D3-BF4B-00C04F79EFBC}") = "Assembly-CSharp-Editor", "Assembly-CSharp-Editor.csproj", "{DD53CF7E-2F4A-F9AB-EFBB-C39AA9581796}"
EndProject
Project("{FAE04EC0-301F-11D3-BF4B-00C04F79EFBC}") = "Fungus.FungusLuaEditor", "Fungus.FungusLuaEditor.csproj", "{795D3BED-0305-C2E3-B54D-01C9017862F4}"
EndProject
Project("{FAE04EC0-301F-11D3-BF4B-00C04F79EFBC}") = "Fungus.LineEndingsEditor", "Fungus.LineEndingsEditor.csproj", "{C1474FAF-21D6-A63D-48F4-D3B6D6D45908}"
EndProject
Project("{FAE04EC0-301F-11D3-BF4B-00C04F79EFBC}") = "Fungus.UsfxrEditor", "Fungus.UsfxrEditor.csproj", "{C905BC25-6880-B19A-E973-12163214ED38}"
EndProject
Global
	GlobalSection(SolutionConfigurationPlatforms) = preSolution
		Debug|Any CPU = Debug|Any CPU
		Release|Any CPU = Release|Any CPU
	EndGlobalSection
	GlobalSection(ProjectConfigurationPlatforms) = postSolution
		{F2211ED9-3234-1E3B-72D6-926923969C6C}.Debug|Any CPU.ActiveCfg = Debug|Any CPU
		{F2211ED9-3234-1E3B-72D6-926923969C6C}.Debug|Any CPU.Build.0 = Debug|Any CPU
		{F2211ED9-3234-1E3B-72D6-926923969C6C}.Release|Any CPU.ActiveCfg = Release|Any CPU
		{F2211ED9-3234-1E3B-72D6-926923969C6C}.Release|Any CPU.Build.0 = Release|Any CPU
		{3430FD2B-7590-6226-2BA7-6C57D4529474}.Debug|Any CPU.ActiveCfg = Debug|Any CPU
		{3430FD2B-7590-6226-2BA7-6C57D4529474}.Debug|Any CPU.Build.0 = Debug|Any CPU
		{3430FD2B-7590-6226-2BA7-6C57D4529474}.Release|Any CPU.ActiveCfg = Release|Any CPU
		{3430FD2B-7590-6226-2BA7-6C57D4529474}.Release|Any CPU.Build.0 = Release|Any CPU
		{8A8DF433-A595-BD68-7B20-B085922BD54A}.Debug|Any CPU.ActiveCfg = Debug|Any CPU
		{8A8DF433-A595-BD68-7B20-B085922BD54A}.Debug|Any CPU.Build.0 = Debug|Any CPU
		{8A8DF433-A595-BD68-7B20-B085922BD54A}.Release|Any CPU.ActiveCfg = Release|Any CPU
		{8A8DF433-A595-BD68-7B20-B085922BD54A}.Release|Any CPU.Build.0 = Release|Any CPU
		{93147F9D-4867-3717-9190-BCC994F419E8}.Debug|Any CPU.ActiveCfg = Debug|Any CPU
		{93147F9D-4867-3717-9190-BCC994F419E8}.Debug|Any CPU.Build.0 = Debug|Any CPU
		{93147F9D-4867-3717-9190-BCC994F419E8}.Release|Any CPU.ActiveCfg = Release|Any CPU
		{93147F9D-4867-3717-9190-BCC994F419E8}.Release|Any CPU.Build.0 = Release|Any CPU
		{DD53CF7E-2F4A-F9AB-EFBB-C39AA9581796}.Debug|Any CPU.ActiveCfg = Debug|Any CPU
		{DD53CF7E-2F4A-F9AB-EFBB-C39AA9581796}.Debug|Any CPU.Build.0 = Debug|Any CPU
		{DD53CF7E-2F4A-F9AB-EFBB-C39AA9581796}.Release|Any CPU.ActiveCfg = Release|Any CPU
		{DD53CF7E-2F4A-F9AB-EFBB-C39AA9581796}.Release|Any CPU.Build.0 = Release|Any CPU
		{795D3BED-0305-C2E3-B54D-01C9017862F4}.Debug|Any CPU.ActiveCfg = Debug|Any CPU
		{795D3BED-0305-C2E3-B54D-01C9017862F4}.Debug|Any CPU.Build.0 = Debug|Any CPU
		{795D3BED-0305-C2E3-B54D-01C9017862F4}.Release|Any CPU.ActiveCfg = Release|Any CPU
		{795D3BED-0305-C2E3-B54D-01C9017862F4}.Release|Any CPU.Build.0 = Release|Any CPU
		{C1474FAF-21D6-A63D-48F4-D3B6D6D45908}.Debug|Any CPU.ActiveCfg = Debug|Any CPU
		{C1474FAF-21D6-A63D-48F4-D3B6D6D45908}.Debug|Any CPU.Build.0 = Debug|Any CPU
		{C1474FAF-21D6-A63D-48F4-D3B6D6D45908}.Release|Any CPU.ActiveCfg = Release|Any CPU
		{C1474FAF-21D6-A63D-48F4-D3B6D6D45908}.Release|Any CPU.Build.0 = Release|Any CPU
		{C905BC25-6880-B19A-E973-12163214ED38}.Debug|Any CPU.ActiveCfg = Debug|Any CPU
		{C905BC25-6880-B19A-E973-12163214ED38}.Debug|Any CPU.Build.0 = Debug|Any CPU
		{C905BC25-6880-B19A-E973-12163214ED38}.Release|Any CPU.ActiveCfg = Release|Any CPU
		{C905BC25-6880-B19A-E973-12163214ED38}.Release|Any CPU.Build.0 = Release|Any CPU
	EndGlobalSection
	GlobalSection(SolutionProperties) = preSolution
		HideSolutionNode = FALSE
	EndGlobalSection
EndGlobal
